
Microsoft Visual Studio Solution File, Format Version 12.00
# Visual Studio Version 16
VisualStudioVersion = 16.0.31424.327
MinimumVisualStudioVersion = 10.0.40219.1
Project("{FAE04EC0-301F-11D3-BF4B-00C04F79EFBC}") = "ConsoleApp1", "ConsoleApp1.csproj", "{C5A9979C-C42F-4505-B497-EB06A73CD60E}"
EndProject
Project("{9A19103F-16F7-4668-BE54-9A1E7A4F7556}") = "TestProject1", "..\TestProject1\TestProject1.csproj", "{D1D306C1-6F22-44B6-A2F3-8B6C5CBBEEC1}"
EndProject
Global
	GlobalSection(SolutionConfigurationPlatforms) = preSolution
		Debug|Any CPU = Debug|Any CPU
		Release|Any CPU = Release|Any CPU
	EndGlobalSection
	GlobalSection(ProjectConfigurationPlatforms) = postSolution
		{C5A9979C-C42F-4505-B497-EB06A73CD60E}.Debug|Any CPU.ActiveCfg = Debug|Any CPU
		{C5A9979C-C42F-4505-B497-EB06A73CD60E}.Debug|Any CPU.Build.0 = Debug|Any CPU
		{C5A9979C-C42F-4505-B497-EB06A73CD60E}.Release|Any CPU.ActiveCfg = Release|Any CPU
		{C5A9979C-C42F-4505-B497-EB06A73CD60E}.Release|Any CPU.Build.0 = Release|Any CPU
		{D1D306C1-6F22-44B6-A2F3-8B6C5CBBEEC1}.Debug|Any CPU.ActiveCfg = Debug|Any CPU
		{D1D306C1-6F22-44B6-A2F3-8B6C5CBBEEC1}.Debug|Any CPU.Build.0 = Debug|Any CPU
		{D1D306C1-6F22-44B6-A2F3-8B6C5CBBEEC1}.Release|Any CPU.ActiveCfg = Release|Any CPU
		{D1D306C1-6F22-44B6-A2F3-8B6C5CBBEEC1}.Release|Any CPU.Build.0 = Release|Any CPU
	EndGlobalSection
	GlobalSection(SolutionProperties) = preSolution
		HideSolutionNode = FALSE
	EndGlobalSection
	GlobalSection(ExtensibilityGlobals) = postSolution
		SolutionGuid = {2A15D50A-D1A4-4BB7-A434-C88B550337F0}
	EndGlobalSection
EndGlobal
